
Microsoft Visual Studio Solution File, Format Version 12.00
# Visual Studio Version 17
VisualStudioVersion = 17.3.32825.248
MinimumVisualStudioVersion = 10.0.40219.1
Project("{9A19103F-16F7-4668-BE54-9A1E7A4F7556}") = "GISMO", "GISMO\GISMO.csproj", "{99AA25F1-8292-4875-8299-F99FF1A92558}"
EndProject
Global
	GlobalSection(SolutionConfigurationPlatforms) = preSolution
		Debug|Any CPU = Debug|Any CPU
		Release|Any CPU = Release|Any CPU
	EndGlobalSection
	GlobalSection(ProjectConfigurationPlatforms) = postSolution
		{99AA25F1-8292-4875-8299-F99FF1A92558}.Debug|Any CPU.ActiveCfg = Debug|Any CPU
		{99AA25F1-8292-4875-8299-F99FF1A92558}.Debug|Any CPU.Build.0 = Debug|Any CPU
		{99AA25F1-8292-4875-8299-F99FF1A92558}.Release|Any CPU.ActiveCfg = Release|Any CPU
		{99AA25F1-8292-4875-8299-F99FF1A92558}.Release|Any CPU.Build.0 = Release|Any CPU
	EndGlobalSection
	GlobalSection(SolutionProperties) = preSolution
		HideSolutionNode = FALSE
	EndGlobalSection
	GlobalSection(ExtensibilityGlobals) = postSolution
		SolutionGuid = {00EC96BC-90BB-4893-8C0A-D8A2B8DF6C87}
	EndGlobalSection
EndGlobal
